
Microsoft Visual Studio Solution File, Format Version 12.00
# Visual Studio Version 17
VisualStudioVersion = 17.14.36414.22
MinimumVisualStudioVersion = 10.0.40219.1
Project("{FAE04EC0-301F-11D3-BF4B-00C04F79EFBC}") = "Tyuiu.VostrAE.Sprint3.Task0.V5", "Tyuiu.VostrAE.Sprint3.Task0.V5\Tyuiu.VostrAE.Sprint3.Task0.V5.csproj", "{2BE4F5E7-0A59-479B-831E-1483F71E0AFA}"
EndProject
Project("{FAE04EC0-301F-11D3-BF4B-00C04F79EFBC}") = "Tyuiu.VostrAE.Sprint3.Task0.V5.Test", "Tyuiu.VostrAE.Sprint3.Task0.V5.Test\Tyuiu.VostrAE.Sprint3.Task0.V5.Test.csproj", "{2797E257-DFD1-4B00-B480-1914BDF001F8}"
EndProject
Project("{FAE04EC0-301F-11D3-BF4B-00C04F79EFBC}") = "Tyuiu.VostrAE.Sprint3.Task0.V5.Lib", "Tyuiu.VostrAE.Sprint3.Task0.V5.Lib\Tyuiu.VostrAE.Sprint3.Task0.V5.Lib.csproj", "{5F57FF54-A4AF-4612-8498-6F02CA9DAE70}"
EndProject
Project("{2150E333-8FDC-42A3-9474-1A3956D46DE8}") = "Task0", "Task0", "{02EA681E-C7D8-13C7-8484-4AC65E1B71E8}"
EndProject
Project("{2150E333-8FDC-42A3-9474-1A3956D46DE8}") = "Task1", "Task1", "{09B2EF4C-0FA8-4C88-99CA-BD43391BCFC7}"
EndProject
Project("{FAE04EC0-301F-11D3-BF4B-00C04F79EFBC}") = "Tyuiu.VostrAE.Sprint3.Task1.V9.Lib", "Tyuiu.VostrAE.Sprint3.Task1.V9.Lib\Tyuiu.VostrAE.Sprint3.Task1.V9.Lib.csproj", "{7376A23A-E491-42AE-B3F5-A3B1D65F39D6}"
EndProject
Project("{FAE04EC0-301F-11D3-BF4B-00C04F79EFBC}") = "Tyuiu.VostrAE.Sprint3.Task1.V9.Test", "Tyuiu.VostrAE.Sprint3.Task1.V9.Test\Tyuiu.VostrAE.Sprint3.Task1.V9.Test.csproj", "{D94B6BA7-00FE-481B-84EF-44C962CEDCDF}"
EndProject
Project("{FAE04EC0-301F-11D3-BF4B-00C04F79EFBC}") = "Tyuiu.VostrAE.Sprint3.Task1.V9", "Tyuiu.VostrAE.Sprint3.Task1.V9\Tyuiu.VostrAE.Sprint3.Task1.V9.csproj", "{657492BE-7ECD-4F1D-911D-FA1C1E594E3D}"
EndProject
Project("{2150E333-8FDC-42A3-9474-1A3956D46DE8}") = "Task2", "Task2", "{C9BB4805-114B-45AB-95E7-12A4EB865C23}"
EndProject
Project("{FAE04EC0-301F-11D3-BF4B-00C04F79EFBC}") = "Tyuiu.VostrAE.Sprint3.Task2.V25", "Tyuiu.VostrAE.Sprint3.Task2.V25\Tyuiu.VostrAE.Sprint3.Task2.V25.csproj", "{2B4C6AA0-CF3D-4544-A8B2-26EB5A910A09}"
EndProject
Project("{FAE04EC0-301F-11D3-BF4B-00C04F79EFBC}") = "Tyuiu.VostrAE.Sprint3.Task2.V25.Test", "Tyuiu.VostrAE.Sprint3.Task2.V25.Test\Tyuiu.VostrAE.Sprint3.Task2.V25.Test.csproj", "{054E9130-A878-4776-A414-6F661EDA88A0}"
EndProject
Project("{FAE04EC0-301F-11D3-BF4B-00C04F79EFBC}") = "Tyuiu.VostrAE.Sprint3.Task2.V25.Lib", "Tyuiu.VostrAE.Sprint3.Task2.V25.Lib\Tyuiu.VostrAE.Sprint3.Task2.V25.Lib.csproj", "{BD1AEBC1-CBA8-40D9-BABD-46D5E5EB9121}"
EndProject
Project("{2150E333-8FDC-42A3-9474-1A3956D46DE8}") = "Task3", "Task3", "{D67187B1-ED23-47FA-864D-ED03C90A645D}"
EndProject
Project("{FAE04EC0-301F-11D3-BF4B-00C04F79EFBC}") = "Tyuiu.VostrAE.Sprint3.Task3.V5.Lib", "Tyuiu.VostrAE.Sprint3.Task3.V5.Lib\Tyuiu.VostrAE.Sprint3.Task3.V5.Lib.csproj", "{6935CA3A-7F39-4075-91FF-B4F04FBC9D99}"
EndProject
Project("{FAE04EC0-301F-11D3-BF4B-00C04F79EFBC}") = "Tyuiu.VostrAE.Sprint3.Task3.V5.Test", "Tyuiu.VostrAE.Sprint3.Task3.V5.Test\Tyuiu.VostrAE.Sprint3.Task3.V5.Test.csproj", "{6781F1BC-298E-453F-9739-1ABDC524874F}"
EndProject
Project("{FAE04EC0-301F-11D3-BF4B-00C04F79EFBC}") = "Tyuiu.VostrAE.Sprint3.Task3.V5", "Tyuiu.VostrAE.Sprint3.Task3.V5\Tyuiu.VostrAE.Sprint3.Task3.V5.csproj", "{06CE617F-F837-4206-9CF0-9C746BF32734}"
EndProject
Project("{2150E333-8FDC-42A3-9474-1A3956D46DE8}") = "Task4", "Task4", "{0DEBAF53-F1A2-4764-9A1D-3BACF95A4F3C}"
EndProject
Project("{FAE04EC0-301F-11D3-BF4B-00C04F79EFBC}") = "Tyuiu.VostrAE.Sprint3.Task4.V3", "Tyuiu.VostrAE.Sprint3.Task4.V3\Tyuiu.VostrAE.Sprint3.Task4.V3.csproj", "{F4B62957-666F-4ADF-9A3B-202ED733A2DD}"
EndProject
Project("{FAE04EC0-301F-11D3-BF4B-00C04F79EFBC}") = "Tyuiu.VostrAE.Sprint3.Task4.V3.Test", "Tyuiu.VostrAE.Sprint3.Task4.V3.Test\Tyuiu.VostrAE.Sprint3.Task4.V3.Test.csproj", "{5F60A5D2-3E07-4893-87F7-F528122B67FF}"
EndProject
Project("{FAE04EC0-301F-11D3-BF4B-00C04F79EFBC}") = "Tyuiu.VostrAE.Sprint3.Task4.V3.Lib", "Tyuiu.VostrAE.Sprint3.Task4.V3.Lib\Tyuiu.VostrAE.Sprint3.Task4.V3.Lib.csproj", "{5D3FF1A2-3610-4360-BB3F-9F7267DC9A6F}"
EndProject
Project("{2150E333-8FDC-42A3-9474-1A3956D46DE8}") = "Task5", "Task5", "{F4677B18-B85C-49FD-9F99-20B1730B840A}"
EndProject
Project("{FAE04EC0-301F-11D3-BF4B-00C04F79EFBC}") = "Tyuiu.VostrAE.Sprint3.Task5.V20", "Tyuiu.VostrAE.Sprint3.Task5.V20\Tyuiu.VostrAE.Sprint3.Task5.V20.csproj", "{B7EF86D8-9064-403B-99CA-30FDF043833B}"
EndProject
Project("{FAE04EC0-301F-11D3-BF4B-00C04F79EFBC}") = "Tyuiu.VostrAE.Sprint3.Task5.V20.Lib", "Tyuiu.VostrAE.Sprint3.Task5.V20.Lib\Tyuiu.VostrAE.Sprint3.Task5.V20.Lib.csproj", "{8A26AD92-D5AA-460E-B578-5563ED5F810E}"
EndProject
Project("{FAE04EC0-301F-11D3-BF4B-00C04F79EFBC}") = "Tyuiu.VostrAE.Sprint3.Task5.V20.Test", "Tyuiu.VostrAE.Sprint3.Task5.V20.Test\Tyuiu.VostrAE.Sprint3.Task5.V20.Test.csproj", "{5CC5A072-07CB-46AA-902F-9F348C463AE0}"
EndProject
Project("{2150E333-8FDC-42A3-9474-1A3956D46DE8}") = "Task6", "Task6", "{74265D1F-EB5F-4DBD-B806-A2CC710C3834}"
EndProject
Project("{FAE04EC0-301F-11D3-BF4B-00C04F79EFBC}") = "Tyuiu.VostrAE.Sprint3.Task6.V22.Test", "Tyuiu.VostrAE.Sprint3.Task6.V22.Test\Tyuiu.VostrAE.Sprint3.Task6.V22.Test.csproj", "{CB404298-370E-4BEB-9016-B3CB05E668FE}"
EndProject
Project("{FAE04EC0-301F-11D3-BF4B-00C04F79EFBC}") = "Tyuiu.VostrAE.Sprint3.Task6.V22.Lib", "Tyuiu.VostrAE.Sprint3.Task6.V22.Lib\Tyuiu.VostrAE.Sprint3.Task6.V22.Lib.csproj", "{7C03B795-F1A7-4303-A4A7-F5C81BE2EEEC}"
EndProject
Project("{FAE04EC0-301F-11D3-BF4B-00C04F79EFBC}") = "Tyuiu.VostrAE.Sprint3.Task6.V22", "Tyuiu.VostrAE.Sprint3.Task6.V22\Tyuiu.VostrAE.Sprint3.Task6.V22.csproj", "{D143E45E-B568-488D-958B-F354F3017D0E}"
EndProject
Project("{2150E333-8FDC-42A3-9474-1A3956D46DE8}") = "Task7", "Task7", "{AFD5CD30-613F-4EAB-8344-0DA7BB65FA0B}"
EndProject
Project("{FAE04EC0-301F-11D3-BF4B-00C04F79EFBC}") = "Tyuiu.VostrAE.Sprint3.Task7.V2", "Tyuiu.VostrAE.Sprint3.Task7.V2\Tyuiu.VostrAE.Sprint3.Task7.V2.csproj", "{22C2A03B-00B4-4867-B116-FC738D3D7D81}"
EndProject
Project("{FAE04EC0-301F-11D3-BF4B-00C04F79EFBC}") = "Tyuiu.VostrAE.Sprint3.Task7.V2.Lib", "Tyuiu.VostrAE.Sprint3.Task7.V2.Lib\Tyuiu.VostrAE.Sprint3.Task7.V2.Lib.csproj", "{A83F23D5-8F6C-4B69-878E-2C35376AE014}"
EndProject
Project("{FAE04EC0-301F-11D3-BF4B-00C04F79EFBC}") = "Tyuiu.VostrAE.Sprint3.Task7.V2.Test", "Tyuiu.VostrAE.Sprint3.Task7.V2.Test\Tyuiu.VostrAE.Sprint3.Task7.V2.Test.csproj", "{2BABEA09-A2E3-4FF0-BF71-AE1023DADF7B}"
EndProject
Global
	GlobalSection(SolutionConfigurationPlatforms) = preSolution
		Debug|Any CPU = Debug|Any CPU
		Release|Any CPU = Release|Any CPU
	EndGlobalSection
	GlobalSection(ProjectConfigurationPlatforms) = postSolution
		{2BE4F5E7-0A59-479B-831E-1483F71E0AFA}.Debug|Any CPU.ActiveCfg = Debug|Any CPU
		{2BE4F5E7-0A59-479B-831E-1483F71E0AFA}.Debug|Any CPU.Build.0 = Debug|Any CPU
		{2BE4F5E7-0A59-479B-831E-1483F71E0AFA}.Release|Any CPU.ActiveCfg = Release|Any CPU
		{2BE4F5E7-0A59-479B-831E-1483F71E0AFA}.Release|Any CPU.Build.0 = Release|Any CPU
		{2797E257-DFD1-4B00-B480-1914BDF001F8}.Debug|Any CPU.ActiveCfg = Debug|Any CPU
		{2797E257-DFD1-4B00-B480-1914BDF001F8}.Debug|Any CPU.Build.0 = Debug|Any CPU
		{2797E257-DFD1-4B00-B480-1914BDF001F8}.Release|Any CPU.ActiveCfg = Release|Any CPU
		{2797E257-DFD1-4B00-B480-1914BDF001F8}.Release|Any CPU.Build.0 = Release|Any CPU
		{5F57FF54-A4AF-4612-8498-6F02CA9DAE70}.Debug|Any CPU.ActiveCfg = Debug|Any CPU
		{5F57FF54-A4AF-4612-8498-6F02CA9DAE70}.Debug|Any CPU.Build.0 = Debug|Any CPU
		{5F57FF54-A4AF-4612-8498-6F02CA9DAE70}.Release|Any CPU.ActiveCfg = Release|Any CPU
		{5F57FF54-A4AF-4612-8498-6F02CA9DAE70}.Release|Any CPU.Build.0 = Release|Any CPU
		{7376A23A-E491-42AE-B3F5-A3B1D65F39D6}.Debug|Any CPU.ActiveCfg = Debug|Any CPU
		{7376A23A-E491-42AE-B3F5-A3B1D65F39D6}.Debug|Any CPU.Build.0 = Debug|Any CPU
		{7376A23A-E491-42AE-B3F5-A3B1D65F39D6}.Release|Any CPU.ActiveCfg = Release|Any CPU
		{7376A23A-E491-42AE-B3F5-A3B1D65F39D6}.Release|Any CPU.Build.0 = Release|Any CPU
		{D94B6BA7-00FE-481B-84EF-44C962CEDCDF}.Debug|Any CPU.ActiveCfg = Debug|Any CPU
		{D94B6BA7-00FE-481B-84EF-44C962CEDCDF}.Debug|Any CPU.Build.0 = Debug|Any CPU
		{D94B6BA7-00FE-481B-84EF-44C962CEDCDF}.Release|Any CPU.ActiveCfg = Release|Any CPU
		{D94B6BA7-00FE-481B-84EF-44C962CEDCDF}.Release|Any CPU.Build.0 = Release|Any CPU
		{657492BE-7ECD-4F1D-911D-FA1C1E594E3D}.Debug|Any CPU.ActiveCfg = Debug|Any CPU
		{657492BE-7ECD-4F1D-911D-FA1C1E594E3D}.Debug|Any CPU.Build.0 = Debug|Any CPU
		{657492BE-7ECD-4F1D-911D-FA1C1E594E3D}.Release|Any CPU.ActiveCfg = Release|Any CPU
		{657492BE-7ECD-4F1D-911D-FA1C1E594E3D}.Release|Any CPU.Build.0 = Release|Any CPU
		{2B4C6AA0-CF3D-4544-A8B2-26EB5A910A09}.Debug|Any CPU.ActiveCfg = Debug|Any CPU
		{2B4C6AA0-CF3D-4544-A8B2-26EB5A910A09}.Debug|Any CPU.Build.0 = Debug|Any CPU
		{2B4C6AA0-CF3D-4544-A8B2-26EB5A910A09}.Release|Any CPU.ActiveCfg = Release|Any CPU
		{2B4C6AA0-CF3D-4544-A8B2-26EB5A910A09}.Release|Any CPU.Build.0 = Release|Any CPU
		{054E9130-A878-4776-A414-6F661EDA88A0}.Debug|Any CPU.ActiveCfg = Debug|Any CPU
		{054E9130-A878-4776-A414-6F661EDA88A0}.Debug|Any CPU.Build.0 = Debug|Any CPU
		{054E9130-A878-4776-A414-6F661EDA88A0}.Release|Any CPU.ActiveCfg = Release|Any CPU
		{054E9130-A878-4776-A414-6F661EDA88A0}.Release|Any CPU.Build.0 = Release|Any CPU
		{BD1AEBC1-CBA8-40D9-BABD-46D5E5EB9121}.Debug|Any CPU.ActiveCfg = Debug|Any CPU
		{BD1AEBC1-CBA8-40D9-BABD-46D5E5EB9121}.Debug|Any CPU.Build.0 = Debug|Any CPU
		{BD1AEBC1-CBA8-40D9-BABD-46D5E5EB9121}.Release|Any CPU.ActiveCfg = Release|Any CPU
		{BD1AEBC1-CBA8-40D9-BABD-46D5E5EB9121}.Release|Any CPU.Build.0 = Release|Any CPU
		{6935CA3A-7F39-4075-91FF-B4F04FBC9D99}.Debug|Any CPU.ActiveCfg = Debug|Any CPU
		{6935CA3A-7F39-4075-91FF-B4F04FBC9D99}.Debug|Any CPU.Build.0 = Debug|Any CPU
		{6935CA3A-7F39-4075-91FF-B4F04FBC9D99}.Release|Any CPU.ActiveCfg = Release|Any CPU
		{6935CA3A-7F39-4075-91FF-B4F04FBC9D99}.Release|Any CPU.Build.0 = Release|Any CPU
		{6781F1BC-298E-453F-9739-1ABDC524874F}.Debug|Any CPU.ActiveCfg = Debug|Any CPU
		{6781F1BC-298E-453F-9739-1ABDC524874F}.Debug|Any CPU.Build.0 = Debug|Any CPU
		{6781F1BC-298E-453F-9739-1ABDC524874F}.Release|Any CPU.ActiveCfg = Release|Any CPU
		{6781F1BC-298E-453F-9739-1ABDC524874F}.Release|Any CPU.Build.0 = Release|Any CPU
		{06CE617F-F837-4206-9CF0-9C746BF32734}.Debug|Any CPU.ActiveCfg = Debug|Any CPU
		{06CE617F-F837-4206-9CF0-9C746BF32734}.Debug|Any CPU.Build.0 = Debug|Any CPU
		{06CE617F-F837-4206-9CF0-9C746BF32734}.Release|Any CPU.ActiveCfg = Release|Any CPU
		{06CE617F-F837-4206-9CF0-9C746BF32734}.Release|Any CPU.Build.0 = Release|Any CPU
		{F4B62957-666F-4ADF-9A3B-202ED733A2DD}.Debug|Any CPU.ActiveCfg = Debug|Any CPU
		{F4B62957-666F-4ADF-9A3B-202ED733A2DD}.Debug|Any CPU.Build.0 = Debug|Any CPU
		{F4B62957-666F-4ADF-9A3B-202ED733A2DD}.Release|Any CPU.ActiveCfg = Release|Any CPU
		{F4B62957-666F-4ADF-9A3B-202ED733A2DD}.Release|Any CPU.Build.0 = Release|Any CPU
		{5F60A5D2-3E07-4893-87F7-F528122B67FF}.Debug|Any CPU.ActiveCfg = Debug|Any CPU
		{5F60A5D2-3E07-4893-87F7-F528122B67FF}.Debug|Any CPU.Build.0 = Debug|Any CPU
		{5F60A5D2-3E07-4893-87F7-F528122B67FF}.Release|Any CPU.ActiveCfg = Release|Any CPU
		{5F60A5D2-3E07-4893-87F7-F528122B67FF}.Release|Any CPU.Build.0 = Release|Any CPU
		{5D3FF1A2-3610-4360-BB3F-9F7267DC9A6F}.Debug|Any CPU.ActiveCfg = Debug|Any CPU
		{5D3FF1A2-3610-4360-BB3F-9F7267DC9A6F}.Debug|Any CPU.Build.0 = Debug|Any CPU
		{5D3FF1A2-3610-4360-BB3F-9F7267DC9A6F}.Release|Any CPU.ActiveCfg = Release|Any CPU
		{5D3FF1A2-3610-4360-BB3F-9F7267DC9A6F}.Release|Any CPU.Build.0 = Release|Any CPU
		{B7EF86D8-9064-403B-99CA-30FDF043833B}.Debug|Any CPU.ActiveCfg = Debug|Any CPU
		{B7EF86D8-9064-403B-99CA-30FDF043833B}.Debug|Any CPU.Build.0 = Debug|Any CPU
		{B7EF86D8-9064-403B-99CA-30FDF043833B}.Release|Any CPU.ActiveCfg = Release|Any CPU
		{B7EF86D8-9064-403B-99CA-30FDF043833B}.Release|Any CPU.Build.0 = Release|Any CPU
		{8A26AD92-D5AA-460E-B578-5563ED5F810E}.Debug|Any CPU.ActiveCfg = Debug|Any CPU
		{8A26AD92-D5AA-460E-B578-5563ED5F810E}.Debug|Any CPU.Build.0 = Debug|Any CPU
		{8A26AD92-D5AA-460E-B578-5563ED5F810E}.Release|Any CPU.ActiveCfg = Release|Any CPU
		{8A26AD92-D5AA-460E-B578-5563ED5F810E}.Release|Any CPU.Build.0 = Release|Any CPU
		{5CC5A072-07CB-46AA-902F-9F348C463AE0}.Debug|Any CPU.ActiveCfg = Debug|Any CPU
		{5CC5A072-07CB-46AA-902F-9F348C463AE0}.Debug|Any CPU.Build.0 = Debug|Any CPU
		{5CC5A072-07CB-46AA-902F-9F348C463AE0}.Release|Any CPU.ActiveCfg = Release|Any CPU
		{5CC5A072-07CB-46AA-902F-9F348C463AE0}.Release|Any CPU.Build.0 = Release|Any CPU
		{CB404298-370E-4BEB-9016-B3CB05E668FE}.Debug|Any CPU.ActiveCfg = Debug|Any CPU
		{CB404298-370E-4BEB-9016-B3CB05E668FE}.Debug|Any CPU.Build.0 = Debug|Any CPU
		{CB404298-370E-4BEB-9016-B3CB05E668FE}.Release|Any CPU.ActiveCfg = Release|Any CPU
		{CB404298-370E-4BEB-9016-B3CB05E668FE}.Release|Any CPU.Build.0 = Release|Any CPU
		{7C03B795-F1A7-4303-A4A7-F5C81BE2EEEC}.Debug|Any CPU.ActiveCfg = Debug|Any CPU
		{7C03B795-F1A7-4303-A4A7-F5C81BE2EEEC}.Debug|Any CPU.Build.0 = Debug|Any CPU
		{7C03B795-F1A7-4303-A4A7-F5C81BE2EEEC}.Release|Any CPU.ActiveCfg = Release|Any CPU
		{7C03B795-F1A7-4303-A4A7-F5C81BE2EEEC}.Release|Any CPU.Build.0 = Release|Any CPU
		{D143E45E-B568-488D-958B-F354F3017D0E}.Debug|Any CPU.ActiveCfg = Debug|Any CPU
		{D143E45E-B568-488D-958B-F354F3017D0E}.Debug|Any CPU.Build.0 = Debug|Any CPU
		{D143E45E-B568-488D-958B-F354F3017D0E}.Release|Any CPU.ActiveCfg = Release|Any CPU
		{D143E45E-B568-488D-958B-F354F3017D0E}.Release|Any CPU.Build.0 = Release|Any CPU
		{22C2A03B-00B4-4867-B116-FC738D3D7D81}.Debug|Any CPU.ActiveCfg = Debug|Any CPU
		{22C2A03B-00B4-4867-B116-FC738D3D7D81}.Debug|Any CPU.Build.0 = Debug|Any CPU
		{22C2A03B-00B4-4867-B116-FC738D3D7D81}.Release|Any CPU.ActiveCfg = Release|Any CPU
		{22C2A03B-00B4-4867-B116-FC738D3D7D81}.Release|Any CPU.Build.0 = Release|Any CPU
		{A83F23D5-8F6C-4B69-878E-2C35376AE014}.Debug|Any CPU.ActiveCfg = Debug|Any CPU
		{A83F23D5-8F6C-4B69-878E-2C35376AE014}.Debug|Any CPU.Build.0 = Debug|Any CPU
		{A83F23D5-8F6C-4B69-878E-2C35376AE014}.Release|Any CPU.ActiveCfg = Release|Any CPU
		{A83F23D5-8F6C-4B69-878E-2C35376AE014}.Release|Any CPU.Build.0 = Release|Any CPU
		{2BABEA09-A2E3-4FF0-BF71-AE1023DADF7B}.Debug|Any CPU.ActiveCfg = Debug|Any CPU
		{2BABEA09-A2E3-4FF0-BF71-AE1023DADF7B}.Debug|Any CPU.Build.0 = Debug|Any CPU
		{2BABEA09-A2E3-4FF0-BF71-AE1023DADF7B}.Release|Any CPU.ActiveCfg = Release|Any CPU
		{2BABEA09-A2E3-4FF0-BF71-AE1023DADF7B}.Release|Any CPU.Build.0 = Release|Any CPU
	EndGlobalSection
	GlobalSection(SolutionProperties) = preSolution
		HideSolutionNode = FALSE
	EndGlobalSection
	GlobalSection(NestedProjects) = preSolution
		{2BE4F5E7-0A59-479B-831E-1483F71E0AFA} = {02EA681E-C7D8-13C7-8484-4AC65E1B71E8}
		{2797E257-DFD1-4B00-B480-1914BDF001F8} = {02EA681E-C7D8-13C7-8484-4AC65E1B71E8}
		{5F57FF54-A4AF-4612-8498-6F02CA9DAE70} = {02EA681E-C7D8-13C7-8484-4AC65E1B71E8}
		{7376A23A-E491-42AE-B3F5-A3B1D65F39D6} = {09B2EF4C-0FA8-4C88-99CA-BD43391BCFC7}
		{D94B6BA7-00FE-481B-84EF-44C962CEDCDF} = {09B2EF4C-0FA8-4C88-99CA-BD43391BCFC7}
		{657492BE-7ECD-4F1D-911D-FA1C1E594E3D} = {09B2EF4C-0FA8-4C88-99CA-BD43391BCFC7}
		{2B4C6AA0-CF3D-4544-A8B2-26EB5A910A09} = {C9BB4805-114B-45AB-95E7-12A4EB865C23}
		{054E9130-A878-4776-A414-6F661EDA88A0} = {C9BB4805-114B-45AB-95E7-12A4EB865C23}
		{BD1AEBC1-CBA8-40D9-BABD-46D5E5EB9121} = {C9BB4805-114B-45AB-95E7-12A4EB865C23}
		{6935CA3A-7F39-4075-91FF-B4F04FBC9D99} = {D67187B1-ED23-47FA-864D-ED03C90A645D}
		{6781F1BC-298E-453F-9739-1ABDC524874F} = {D67187B1-ED23-47FA-864D-ED03C90A645D}
		{06CE617F-F837-4206-9CF0-9C746BF32734} = {D67187B1-ED23-47FA-864D-ED03C90A645D}
		{F4B62957-666F-4ADF-9A3B-202ED733A2DD} = {0DEBAF53-F1A2-4764-9A1D-3BACF95A4F3C}
		{5F60A5D2-3E07-4893-87F7-F528122B67FF} = {0DEBAF53-F1A2-4764-9A1D-3BACF95A4F3C}
		{5D3FF1A2-3610-4360-BB3F-9F7267DC9A6F} = {0DEBAF53-F1A2-4764-9A1D-3BACF95A4F3C}
		{B7EF86D8-9064-403B-99CA-30FDF043833B} = {F4677B18-B85C-49FD-9F99-20B1730B840A}
		{8A26AD92-D5AA-460E-B578-5563ED5F810E} = {F4677B18-B85C-49FD-9F99-20B1730B840A}
		{5CC5A072-07CB-46AA-902F-9F348C463AE0} = {F4677B18-B85C-49FD-9F99-20B1730B840A}
		{CB404298-370E-4BEB-9016-B3CB05E668FE} = {74265D1F-EB5F-4DBD-B806-A2CC710C3834}
		{7C03B795-F1A7-4303-A4A7-F5C81BE2EEEC} = {74265D1F-EB5F-4DBD-B806-A2CC710C3834}
		{D143E45E-B568-488D-958B-F354F3017D0E} = {74265D1F-EB5F-4DBD-B806-A2CC710C3834}
		{22C2A03B-00B4-4867-B116-FC738D3D7D81} = {AFD5CD30-613F-4EAB-8344-0DA7BB65FA0B}
		{A83F23D5-8F6C-4B69-878E-2C35376AE014} = {AFD5CD30-613F-4EAB-8344-0DA7BB65FA0B}
		{2BABEA09-A2E3-4FF0-BF71-AE1023DADF7B} = {AFD5CD30-613F-4EAB-8344-0DA7BB65FA0B}
	EndGlobalSection
	GlobalSection(ExtensibilityGlobals) = postSolution
		SolutionGuid = {15D42709-D143-4C78-967F-626F5AE7DBAD}
	EndGlobalSection
EndGlobal
