
Microsoft Visual Studio Solution File, Format Version 12.00
# Visual Studio Version 17
VisualStudioVersion = 17.14.36414.22 d17.14
MinimumVisualStudioVersion = 10.0.40219.1
Project("{FAE04EC0-301F-11D3-BF4B-00C04F79EFBC}") = "Tyuiu.VostrAE.Sprint3.Task0.V5", "Tyuiu.VostrAE.Sprint3.Task0.V5\Tyuiu.VostrAE.Sprint3.Task0.V5.csproj", "{2BE4F5E7-0A59-479B-831E-1483F71E0AFA}"
EndProject
Project("{FAE04EC0-301F-11D3-BF4B-00C04F79EFBC}") = "Tyuiu.VostrAE.Sprint3.Task0.V5.Test", "Tyuiu.VostrAE.Sprint3.Task0.V5.Test\Tyuiu.VostrAE.Sprint3.Task0.V5.Test.csproj", "{2797E257-DFD1-4B00-B480-1914BDF001F8}"
EndProject
Project("{FAE04EC0-301F-11D3-BF4B-00C04F79EFBC}") = "Tyuiu.VostrAE.Sprint3.Task0.V5.Lib", "Tyuiu.VostrAE.Sprint3.Task0.V5.Lib\Tyuiu.VostrAE.Sprint3.Task0.V5.Lib.csproj", "{5F57FF54-A4AF-4612-8498-6F02CA9DAE70}"
EndProject
Global
	GlobalSection(SolutionConfigurationPlatforms) = preSolution
		Debug|Any CPU = Debug|Any CPU
		Release|Any CPU = Release|Any CPU
	EndGlobalSection
	GlobalSection(ProjectConfigurationPlatforms) = postSolution
		{2BE4F5E7-0A59-479B-831E-1483F71E0AFA}.Debug|Any CPU.ActiveCfg = Debug|Any CPU
		{2BE4F5E7-0A59-479B-831E-1483F71E0AFA}.Debug|Any CPU.Build.0 = Debug|Any CPU
		{2BE4F5E7-0A59-479B-831E-1483F71E0AFA}.Release|Any CPU.ActiveCfg = Release|Any CPU
		{2BE4F5E7-0A59-479B-831E-1483F71E0AFA}.Release|Any CPU.Build.0 = Release|Any CPU
		{2797E257-DFD1-4B00-B480-1914BDF001F8}.Debug|Any CPU.ActiveCfg = Debug|Any CPU
		{2797E257-DFD1-4B00-B480-1914BDF001F8}.Debug|Any CPU.Build.0 = Debug|Any CPU
		{2797E257-DFD1-4B00-B480-1914BDF001F8}.Release|Any CPU.ActiveCfg = Release|Any CPU
		{2797E257-DFD1-4B00-B480-1914BDF001F8}.Release|Any CPU.Build.0 = Release|Any CPU
		{5F57FF54-A4AF-4612-8498-6F02CA9DAE70}.Debug|Any CPU.ActiveCfg = Debug|Any CPU
		{5F57FF54-A4AF-4612-8498-6F02CA9DAE70}.Debug|Any CPU.Build.0 = Debug|Any CPU
		{5F57FF54-A4AF-4612-8498-6F02CA9DAE70}.Release|Any CPU.ActiveCfg = Release|Any CPU
		{5F57FF54-A4AF-4612-8498-6F02CA9DAE70}.Release|Any CPU.Build.0 = Release|Any CPU
	EndGlobalSection
	GlobalSection(SolutionProperties) = preSolution
		HideSolutionNode = FALSE
	EndGlobalSection
	GlobalSection(ExtensibilityGlobals) = postSolution
		SolutionGuid = {15D42709-D143-4C78-967F-626F5AE7DBAD}
	EndGlobalSection
EndGlobal
